
Microsoft Visual Studio Solution File, Format Version 12.00
# Visual Studio Version 16
VisualStudioVersion = 16.0.30711.63
MinimumVisualStudioVersion = 10.0.40219.1
Project("{FAE04EC0-301F-11D3-BF4B-00C04F79EFBC}") = "numerikUpDown", "numerikUpDown.csproj", "{8129075D-C13A-45D3-82D7-3DA9B2F9255D}"
EndProject
Global
	GlobalSection(SolutionConfigurationPlatforms) = preSolution
		Debug|Any CPU = Debug|Any CPU
		Release|Any CPU = Release|Any CPU
	EndGlobalSection
	GlobalSection(ProjectConfigurationPlatforms) = postSolution
		{8129075D-C13A-45D3-82D7-3DA9B2F9255D}.Debug|Any CPU.ActiveCfg = Debug|Any CPU
		{8129075D-C13A-45D3-82D7-3DA9B2F9255D}.Debug|Any CPU.Build.0 = Debug|Any CPU
		{8129075D-C13A-45D3-82D7-3DA9B2F9255D}.Release|Any CPU.ActiveCfg = Release|Any CPU
		{8129075D-C13A-45D3-82D7-3DA9B2F9255D}.Release|Any CPU.Build.0 = Release|Any CPU
	EndGlobalSection
	GlobalSection(SolutionProperties) = preSolution
		HideSolutionNode = FALSE
	EndGlobalSection
	GlobalSection(ExtensibilityGlobals) = postSolution
		SolutionGuid = {D34FCB2B-2C99-4BCB-9315-4BC5F57B0236}
	EndGlobalSection
EndGlobal
